
Microsoft Visual Studio Solution File, Format Version 12.00
# Visual Studio 15
VisualStudioVersion = 15.0.27130.2020
MinimumVisualStudioVersion = 10.0.40219.1
Project("{FAE04EC0-301F-11D3-BF4B-00C04F79EFBC}") = "Technocracy2018", "Technocracy2018\Technocracy2018.csproj", "{663F087D-8FA9-495A-AE6C-E36656BDA074}"
EndProject
Global
	GlobalSection(SolutionConfigurationPlatforms) = preSolution
		Debug|Any CPU = Debug|Any CPU
		Release|Any CPU = Release|Any CPU
	EndGlobalSection
	GlobalSection(ProjectConfigurationPlatforms) = postSolution
		{663F087D-8FA9-495A-AE6C-E36656BDA074}.Debug|Any CPU.ActiveCfg = Debug|Any CPU
		{663F087D-8FA9-495A-AE6C-E36656BDA074}.Debug|Any CPU.Build.0 = Debug|Any CPU
		{663F087D-8FA9-495A-AE6C-E36656BDA074}.Release|Any CPU.ActiveCfg = Release|Any CPU
		{663F087D-8FA9-495A-AE6C-E36656BDA074}.Release|Any CPU.Build.0 = Release|Any CPU
	EndGlobalSection
	GlobalSection(SolutionProperties) = preSolution
		HideSolutionNode = FALSE
	EndGlobalSection
	GlobalSection(ExtensibilityGlobals) = postSolution
		SolutionGuid = {E1BB1779-B071-401D-AE65-C4402EFC99FD}
	EndGlobalSection
EndGlobal
